
Microsoft Visual Studio Solution File, Format Version 12.00
# Visual Studio Version 16
VisualStudioVersion = 16.0.32510.428
MinimumVisualStudioVersion = 10.0.40219.1
Project("{FAE04EC0-301F-11D3-BF4B-00C04F79EFBC}") = "Module2HW1", "Module2HW1\Module2HW1.csproj", "{489E169F-66C5-4DA3-9C80-401C4D85D34A}"
EndProject
Global
	GlobalSection(SolutionConfigurationPlatforms) = preSolution
		Debug|Any CPU = Debug|Any CPU
		Release|Any CPU = Release|Any CPU
	EndGlobalSection
	GlobalSection(ProjectConfigurationPlatforms) = postSolution
		{489E169F-66C5-4DA3-9C80-401C4D85D34A}.Debug|Any CPU.ActiveCfg = Debug|Any CPU
		{489E169F-66C5-4DA3-9C80-401C4D85D34A}.Debug|Any CPU.Build.0 = Debug|Any CPU
		{489E169F-66C5-4DA3-9C80-401C4D85D34A}.Release|Any CPU.ActiveCfg = Release|Any CPU
		{489E169F-66C5-4DA3-9C80-401C4D85D34A}.Release|Any CPU.Build.0 = Release|Any CPU
	EndGlobalSection
	GlobalSection(SolutionProperties) = preSolution
		HideSolutionNode = FALSE
	EndGlobalSection
	GlobalSection(ExtensibilityGlobals) = postSolution
		SolutionGuid = {E41BCE23-A0F4-4CE1-8A6F-9CE72FBE3159}
	EndGlobalSection
EndGlobal
